PODS:
  - Alamofire (5.10.2)
  - CryptoSwift (1.8.4)
  - DeviceKit (5.6.0)
  - Reach5 (8.2.0):
    - Alamofire (~> 5.8)
    - CryptoSwift (~> 1.8)
    - DeviceKit (~> 5.1)

DEPENDENCIES:
  - Reach5 (from `../Reach5.podspec`)

SPEC REPOS:
  trunk:
    - Alamofire
    - CryptoSwift
    - DeviceKit

EXTERNAL SOURCES:
  Reach5:
    :path: "../Reach5.podspec"

SPEC CHECKSUMS:
  Alamofire: 7193b3b92c74a07f85569e1a6c4f4237291e7496
  CryptoSwift: e64e11850ede528a02a0f3e768cec8e9d92ecb90
  DeviceKit: 9f2e0b68984a384f864b0f4e40a54bae43636bd8
  Reach5: f6c40733621594533f4507a44316843cd120edd3

PODFILE CHECKSUM: 4391d4492572cee0811f0d91df59c948b32ab776

COCOAPODS: 1.16.2
