PODS:
  - DeviceKit (5.6.0)
  - Reach5 (8.2.0):
    - DeviceKit (~> 5.1)

DEPENDENCIES:
  - Reach5 (from `../Reach5.podspec`)

SPEC REPOS:
  trunk:
    - DeviceKit

EXTERNAL SOURCES:
  Reach5:
    :path: "../Reach5.podspec"

SPEC CHECKSUMS:
  DeviceKit: 9f2e0b68984a384f864b0f4e40a54bae43636bd8
  Reach5: 3fdf899208b33d7c2783d84e9c1d1690eff25818

PODFILE CHECKSUM: f08d4f1661216f05437ac8922ae88c25e32e8749

COCOAPODS: 1.16.2
